
Microsoft Visual Studio Solution File, Format Version 12.00
# Visual Studio Version 17
VisualStudioVersion = 17.11.35303.130
MinimumVisualStudioVersion = 10.0.40219.1
Project("{FAE04EC0-301F-11D3-BF4B-00C04F79EFBC}") = "prakticheskaya_3_chast1_Khamukov_Kiku_322", "prakticheskaya_3_chast1_Khamukov_Kiku_322\prakticheskaya_3_chast1_Khamukov_Kiku_322.csproj", "{EB5B5544-B99B-45CC-AD01-7092E9050150}"
EndProject
Global
	GlobalSection(SolutionConfigurationPlatforms) = preSolution
		Debug|Any CPU = Debug|Any CPU
		Release|Any CPU = Release|Any CPU
	EndGlobalSection
	GlobalSection(ProjectConfigurationPlatforms) = postSolution
		{EB5B5544-B99B-45CC-AD01-7092E9050150}.Debug|Any CPU.ActiveCfg = Debug|Any CPU
		{EB5B5544-B99B-45CC-AD01-7092E9050150}.Debug|Any CPU.Build.0 = Debug|Any CPU
		{EB5B5544-B99B-45CC-AD01-7092E9050150}.Release|Any CPU.ActiveCfg = Release|Any CPU
		{EB5B5544-B99B-45CC-AD01-7092E9050150}.Release|Any CPU.Build.0 = Release|Any CPU
	EndGlobalSection
	GlobalSection(SolutionProperties) = preSolution
		HideSolutionNode = FALSE
	EndGlobalSection
	GlobalSection(ExtensibilityGlobals) = postSolution
		SolutionGuid = {B14F4234-651C-4EF2-B9AD-62A564D44CA4}
	EndGlobalSection
EndGlobal
